
Microsoft Visual Studio Solution File, Format Version 12.00
# Visual Studio Version 16
VisualStudioVersion = 16.0.31515.178
MinimumVisualStudioVersion = 10.0.40219.1
Project("{FAE04EC0-301F-11D3-BF4B-00C04F79EFBC}") = "MessageBox", "MessageBox.csproj", "{5365B2F4-80A7-4E9F-826B-139A0DE38A36}"
EndProject
Project("{FAE04EC0-301F-11D3-BF4B-00C04F79EFBC}") = "MessageBox_Application", "..\MessageBox_Application\MessageBox_Application.csproj", "{C371E893-E744-4075-B147-CC406545C7EC}"
EndProject
Global
	GlobalSection(SolutionConfigurationPlatforms) = preSolution
		Debug|Any CPU = Debug|Any CPU
		Release|Any CPU = Release|Any CPU
	EndGlobalSection
	GlobalSection(ProjectConfigurationPlatforms) = postSolution
		{5365B2F4-80A7-4E9F-826B-139A0DE38A36}.Debug|Any CPU.ActiveCfg = Debug|Any CPU
		{5365B2F4-80A7-4E9F-826B-139A0DE38A36}.Debug|Any CPU.Build.0 = Debug|Any CPU
		{5365B2F4-80A7-4E9F-826B-139A0DE38A36}.Release|Any CPU.ActiveCfg = Release|Any CPU
		{5365B2F4-80A7-4E9F-826B-139A0DE38A36}.Release|Any CPU.Build.0 = Release|Any CPU
		{C371E893-E744-4075-B147-CC406545C7EC}.Debug|Any CPU.ActiveCfg = Debug|Any CPU
		{C371E893-E744-4075-B147-CC406545C7EC}.Debug|Any CPU.Build.0 = Debug|Any CPU
		{C371E893-E744-4075-B147-CC406545C7EC}.Release|Any CPU.ActiveCfg = Release|Any CPU
		{C371E893-E744-4075-B147-CC406545C7EC}.Release|Any CPU.Build.0 = Release|Any CPU
	EndGlobalSection
	GlobalSection(SolutionProperties) = preSolution
		HideSolutionNode = FALSE
	EndGlobalSection
	GlobalSection(ExtensibilityGlobals) = postSolution
		SolutionGuid = {DBDDDC89-2105-4885-988F-AA2174A5CDA4}
	EndGlobalSection
EndGlobal
